
Microsoft Visual Studio Solution File, Format Version 10.00
# Visual Studio 2008
Project("{8BC9CEB8-8B4A-11D0-8D11-00A0C91BC942}") = "Core", "Core\Core.vcproj", "{953E19E0-1A0B-47F8-9EBC-CF6C5DE2000D}"
EndProject
Project("{8BC9CEB8-8B4A-11D0-8D11-00A0C91BC942}") = "Test", "Test\Test.vcproj", "{6AAA617D-A6BD-4000-A9E7-B05A4E73EF1B}"
	ProjectSection(ProjectDependencies) = postProject
		{3656CF2A-7C94-4EEB-8CF0-97A08F4836B9} = {3656CF2A-7C94-4EEB-8CF0-97A08F4836B9}
		{B80F4347-0E29-4AD6-A61F-6E0C538BB13F} = {B80F4347-0E29-4AD6-A61F-6E0C538BB13F}
		{2C688A6A-9FFC-4BDB-B93C-823713CE6842} = {2C688A6A-9FFC-4BDB-B93C-823713CE6842}
		{23BF038C-310F-4DFE-BF8F-8D82D403CE5A} = {23BF038C-310F-4DFE-BF8F-8D82D403CE5A}
		{953E19E0-1A0B-47F8-9EBC-CF6C5DE2000D} = {953E19E0-1A0B-47F8-9EBC-CF6C5DE2000D}
		{A369D4E5-EC2B-493E-9CD8-7253114C86E6} = {A369D4E5-EC2B-493E-9CD8-7253114C86E6}
	EndProjectSection
EndProject
Project("{8BC9CEB8-8B4A-11D0-8D11-00A0C91BC942}") = "Math", "Math\Math.vcproj", "{2C688A6A-9FFC-4BDB-B93C-823713CE6842}"
	ProjectSection(ProjectDependencies) = postProject
		{953E19E0-1A0B-47F8-9EBC-CF6C5DE2000D} = {953E19E0-1A0B-47F8-9EBC-CF6C5DE2000D}
	EndProjectSection
EndProject
Project("{8BC9CEB8-8B4A-11D0-8D11-00A0C91BC942}") = "Graphics", "Graphics\Graphics.vcproj", "{A369D4E5-EC2B-493E-9CD8-7253114C86E6}"
	ProjectSection(ProjectDependencies) = postProject
		{2C688A6A-9FFC-4BDB-B93C-823713CE6842} = {2C688A6A-9FFC-4BDB-B93C-823713CE6842}
		{953E19E0-1A0B-47F8-9EBC-CF6C5DE2000D} = {953E19E0-1A0B-47F8-9EBC-CF6C5DE2000D}
	EndProjectSection
EndProject
Project("{8BC9CEB8-8B4A-11D0-8D11-00A0C91BC942}") = "Flash", "Flash\Flash.vcproj", "{529D0031-EE5C-4F3E-A07B-DEBC7B9E6BF9}"
	ProjectSection(ProjectDependencies) = postProject
		{2C688A6A-9FFC-4BDB-B93C-823713CE6842} = {2C688A6A-9FFC-4BDB-B93C-823713CE6842}
		{953E19E0-1A0B-47F8-9EBC-CF6C5DE2000D} = {953E19E0-1A0B-47F8-9EBC-CF6C5DE2000D}
		{A369D4E5-EC2B-493E-9CD8-7253114C86E6} = {A369D4E5-EC2B-493E-9CD8-7253114C86E6}
	EndProjectSection
EndProject
Project("{8BC9CEB8-8B4A-11D0-8D11-00A0C91BC942}") = "SceneManagement", "SceneManagement\SceneManagement.vcproj", "{3656CF2A-7C94-4EEB-8CF0-97A08F4836B9}"
EndProject
Project("{8BC9CEB8-8B4A-11D0-8D11-00A0C91BC942}") = "Loader", "Loader\Loader.vcproj", "{23BF038C-310F-4DFE-BF8F-8D82D403CE5A}"
EndProject
Project("{8BC9CEB8-8B4A-11D0-8D11-00A0C91BC942}") = "Flascc", "Flascc\Flascc.vcproj", "{B80F4347-0E29-4AD6-A61F-6E0C538BB13F}"
EndProject
Project("{8BC9CEB8-8B4A-11D0-8D11-00A0C91BC942}") = "Script", "Script\Script.vcproj", "{624A2297-C15F-4670-A554-91CCBD33D229}"
EndProject
Project("{8BC9CEB8-8B4A-11D0-8D11-00A0C91BC942}") = "TestWin32", "TestWin32\TestWin32.vcproj", "{0197522B-161E-4742-AF03-A629C57C6032}"
	ProjectSection(ProjectDependencies) = postProject
		{DC98001E-6601-4BCA-9338-A5174165B134} = {DC98001E-6601-4BCA-9338-A5174165B134}
		{3656CF2A-7C94-4EEB-8CF0-97A08F4836B9} = {3656CF2A-7C94-4EEB-8CF0-97A08F4836B9}
		{2C688A6A-9FFC-4BDB-B93C-823713CE6842} = {2C688A6A-9FFC-4BDB-B93C-823713CE6842}
		{23BF038C-310F-4DFE-BF8F-8D82D403CE5A} = {23BF038C-310F-4DFE-BF8F-8D82D403CE5A}
		{0F801FC3-9957-479F-9767-B5EA135E6EA5} = {0F801FC3-9957-479F-9767-B5EA135E6EA5}
		{953E19E0-1A0B-47F8-9EBC-CF6C5DE2000D} = {953E19E0-1A0B-47F8-9EBC-CF6C5DE2000D}
		{A369D4E5-EC2B-493E-9CD8-7253114C86E6} = {A369D4E5-EC2B-493E-9CD8-7253114C86E6}
	EndProjectSection
EndProject
Project("{8BC9CEB8-8B4A-11D0-8D11-00A0C91BC942}") = "Win32", "Win32\Win32.vcproj", "{DC98001E-6601-4BCA-9338-A5174165B134}"
	ProjectSection(ProjectDependencies) = postProject
		{3656CF2A-7C94-4EEB-8CF0-97A08F4836B9} = {3656CF2A-7C94-4EEB-8CF0-97A08F4836B9}
		{2C688A6A-9FFC-4BDB-B93C-823713CE6842} = {2C688A6A-9FFC-4BDB-B93C-823713CE6842}
		{23BF038C-310F-4DFE-BF8F-8D82D403CE5A} = {23BF038C-310F-4DFE-BF8F-8D82D403CE5A}
		{0F801FC3-9957-479F-9767-B5EA135E6EA5} = {0F801FC3-9957-479F-9767-B5EA135E6EA5}
		{49E74ADF-6EAE-4774-AC67-5B638CB18877} = {49E74ADF-6EAE-4774-AC67-5B638CB18877}
		{953E19E0-1A0B-47F8-9EBC-CF6C5DE2000D} = {953E19E0-1A0B-47F8-9EBC-CF6C5DE2000D}
		{A369D4E5-EC2B-493E-9CD8-7253114C86E6} = {A369D4E5-EC2B-493E-9CD8-7253114C86E6}
	EndProjectSection
EndProject
Project("{8BC9CEB8-8B4A-11D0-8D11-00A0C91BC942}") = "Direct3D9", "Direct3D9\Direct3D9.vcproj", "{49E74ADF-6EAE-4774-AC67-5B638CB18877}"
	ProjectSection(ProjectDependencies) = postProject
		{3656CF2A-7C94-4EEB-8CF0-97A08F4836B9} = {3656CF2A-7C94-4EEB-8CF0-97A08F4836B9}
		{2C688A6A-9FFC-4BDB-B93C-823713CE6842} = {2C688A6A-9FFC-4BDB-B93C-823713CE6842}
		{23BF038C-310F-4DFE-BF8F-8D82D403CE5A} = {23BF038C-310F-4DFE-BF8F-8D82D403CE5A}
		{953E19E0-1A0B-47F8-9EBC-CF6C5DE2000D} = {953E19E0-1A0B-47F8-9EBC-CF6C5DE2000D}
		{A369D4E5-EC2B-493E-9CD8-7253114C86E6} = {A369D4E5-EC2B-493E-9CD8-7253114C86E6}
	EndProjectSection
EndProject
Project("{8BC9CEB8-8B4A-11D0-8D11-00A0C91BC942}") = "Win32TwinTowers", "Win32TwinTowers\Win32TwinTowers.vcproj", "{AD4B74EE-172C-4259-8A8A-B71A54F1AFB9}"
	ProjectSection(ProjectDependencies) = postProject
		{DC98001E-6601-4BCA-9338-A5174165B134} = {DC98001E-6601-4BCA-9338-A5174165B134}
		{3656CF2A-7C94-4EEB-8CF0-97A08F4836B9} = {3656CF2A-7C94-4EEB-8CF0-97A08F4836B9}
		{C0308862-D92F-4742-90C8-5E68DDFD1971} = {C0308862-D92F-4742-90C8-5E68DDFD1971}
		{2C688A6A-9FFC-4BDB-B93C-823713CE6842} = {2C688A6A-9FFC-4BDB-B93C-823713CE6842}
		{23BF038C-310F-4DFE-BF8F-8D82D403CE5A} = {23BF038C-310F-4DFE-BF8F-8D82D403CE5A}
		{0F801FC3-9957-479F-9767-B5EA135E6EA5} = {0F801FC3-9957-479F-9767-B5EA135E6EA5}
		{49E74ADF-6EAE-4774-AC67-5B638CB18877} = {49E74ADF-6EAE-4774-AC67-5B638CB18877}
		{953E19E0-1A0B-47F8-9EBC-CF6C5DE2000D} = {953E19E0-1A0B-47F8-9EBC-CF6C5DE2000D}
		{A369D4E5-EC2B-493E-9CD8-7253114C86E6} = {A369D4E5-EC2B-493E-9CD8-7253114C86E6}
	EndProjectSection
EndProject
Project("{8BC9CEB8-8B4A-11D0-8D11-00A0C91BC942}") = "TwinTowers", "TwinTowers\TwinTowers.vcproj", "{C0308862-D92F-4742-90C8-5E68DDFD1971}"
EndProject
Project("{8BC9CEB8-8B4A-11D0-8D11-00A0C91BC942}") = "Platform", "Platform\Platform.vcproj", "{0F801FC3-9957-479F-9767-B5EA135E6EA5}"
EndProject
Global
	GlobalSection(SolutionConfigurationPlatforms) = preSolution
		Debug|Win32 = Debug|Win32
		Release|Win32 = Release|Win32
	EndGlobalSection
	GlobalSection(ProjectConfigurationPlatforms) = postSolution
		{953E19E0-1A0B-47F8-9EBC-CF6C5DE2000D}.Debug|Win32.ActiveCfg = Debug|Win32
		{953E19E0-1A0B-47F8-9EBC-CF6C5DE2000D}.Debug|Win32.Build.0 = Debug|Win32
		{953E19E0-1A0B-47F8-9EBC-CF6C5DE2000D}.Release|Win32.ActiveCfg = Release|Win32
		{953E19E0-1A0B-47F8-9EBC-CF6C5DE2000D}.Release|Win32.Build.0 = Release|Win32
		{6AAA617D-A6BD-4000-A9E7-B05A4E73EF1B}.Debug|Win32.ActiveCfg = Debug|Win32
		{6AAA617D-A6BD-4000-A9E7-B05A4E73EF1B}.Debug|Win32.Build.0 = Debug|Win32
		{6AAA617D-A6BD-4000-A9E7-B05A4E73EF1B}.Release|Win32.ActiveCfg = Release|Win32
		{6AAA617D-A6BD-4000-A9E7-B05A4E73EF1B}.Release|Win32.Build.0 = Release|Win32
		{2C688A6A-9FFC-4BDB-B93C-823713CE6842}.Debug|Win32.ActiveCfg = Debug|Win32
		{2C688A6A-9FFC-4BDB-B93C-823713CE6842}.Debug|Win32.Build.0 = Debug|Win32
		{2C688A6A-9FFC-4BDB-B93C-823713CE6842}.Release|Win32.ActiveCfg = Release|Win32
		{2C688A6A-9FFC-4BDB-B93C-823713CE6842}.Release|Win32.Build.0 = Release|Win32
		{A369D4E5-EC2B-493E-9CD8-7253114C86E6}.Debug|Win32.ActiveCfg = Debug|Win32
		{A369D4E5-EC2B-493E-9CD8-7253114C86E6}.Debug|Win32.Build.0 = Debug|Win32
		{A369D4E5-EC2B-493E-9CD8-7253114C86E6}.Release|Win32.ActiveCfg = Release|Win32
		{A369D4E5-EC2B-493E-9CD8-7253114C86E6}.Release|Win32.Build.0 = Release|Win32
		{529D0031-EE5C-4F3E-A07B-DEBC7B9E6BF9}.Debug|Win32.ActiveCfg = Debug|Win32
		{529D0031-EE5C-4F3E-A07B-DEBC7B9E6BF9}.Debug|Win32.Build.0 = Debug|Win32
		{529D0031-EE5C-4F3E-A07B-DEBC7B9E6BF9}.Release|Win32.ActiveCfg = Release|Win32
		{529D0031-EE5C-4F3E-A07B-DEBC7B9E6BF9}.Release|Win32.Build.0 = Release|Win32
		{3656CF2A-7C94-4EEB-8CF0-97A08F4836B9}.Debug|Win32.ActiveCfg = Debug|Win32
		{3656CF2A-7C94-4EEB-8CF0-97A08F4836B9}.Debug|Win32.Build.0 = Debug|Win32
		{3656CF2A-7C94-4EEB-8CF0-97A08F4836B9}.Release|Win32.ActiveCfg = Release|Win32
		{3656CF2A-7C94-4EEB-8CF0-97A08F4836B9}.Release|Win32.Build.0 = Release|Win32
		{23BF038C-310F-4DFE-BF8F-8D82D403CE5A}.Debug|Win32.ActiveCfg = Debug|Win32
		{23BF038C-310F-4DFE-BF8F-8D82D403CE5A}.Debug|Win32.Build.0 = Debug|Win32
		{23BF038C-310F-4DFE-BF8F-8D82D403CE5A}.Release|Win32.ActiveCfg = Release|Win32
		{23BF038C-310F-4DFE-BF8F-8D82D403CE5A}.Release|Win32.Build.0 = Release|Win32
		{B80F4347-0E29-4AD6-A61F-6E0C538BB13F}.Debug|Win32.ActiveCfg = Debug|Win32
		{B80F4347-0E29-4AD6-A61F-6E0C538BB13F}.Debug|Win32.Build.0 = Debug|Win32
		{B80F4347-0E29-4AD6-A61F-6E0C538BB13F}.Release|Win32.ActiveCfg = Release|Win32
		{B80F4347-0E29-4AD6-A61F-6E0C538BB13F}.Release|Win32.Build.0 = Release|Win32
		{624A2297-C15F-4670-A554-91CCBD33D229}.Debug|Win32.ActiveCfg = Debug|Win32
		{624A2297-C15F-4670-A554-91CCBD33D229}.Debug|Win32.Build.0 = Debug|Win32
		{624A2297-C15F-4670-A554-91CCBD33D229}.Release|Win32.ActiveCfg = Release|Win32
		{624A2297-C15F-4670-A554-91CCBD33D229}.Release|Win32.Build.0 = Release|Win32
		{0197522B-161E-4742-AF03-A629C57C6032}.Debug|Win32.ActiveCfg = Debug|Win32
		{0197522B-161E-4742-AF03-A629C57C6032}.Debug|Win32.Build.0 = Debug|Win32
		{0197522B-161E-4742-AF03-A629C57C6032}.Release|Win32.ActiveCfg = Release|Win32
		{0197522B-161E-4742-AF03-A629C57C6032}.Release|Win32.Build.0 = Release|Win32
		{DC98001E-6601-4BCA-9338-A5174165B134}.Debug|Win32.ActiveCfg = Debug|Win32
		{DC98001E-6601-4BCA-9338-A5174165B134}.Debug|Win32.Build.0 = Debug|Win32
		{DC98001E-6601-4BCA-9338-A5174165B134}.Release|Win32.ActiveCfg = Release|Win32
		{DC98001E-6601-4BCA-9338-A5174165B134}.Release|Win32.Build.0 = Release|Win32
		{49E74ADF-6EAE-4774-AC67-5B638CB18877}.Debug|Win32.ActiveCfg = Debug|Win32
		{49E74ADF-6EAE-4774-AC67-5B638CB18877}.Debug|Win32.Build.0 = Debug|Win32
		{49E74ADF-6EAE-4774-AC67-5B638CB18877}.Release|Win32.ActiveCfg = Release|Win32
		{49E74ADF-6EAE-4774-AC67-5B638CB18877}.Release|Win32.Build.0 = Release|Win32
		{AD4B74EE-172C-4259-8A8A-B71A54F1AFB9}.Debug|Win32.ActiveCfg = Debug|Win32
		{AD4B74EE-172C-4259-8A8A-B71A54F1AFB9}.Debug|Win32.Build.0 = Debug|Win32
		{AD4B74EE-172C-4259-8A8A-B71A54F1AFB9}.Release|Win32.ActiveCfg = Release|Win32
		{AD4B74EE-172C-4259-8A8A-B71A54F1AFB9}.Release|Win32.Build.0 = Release|Win32
		{C0308862-D92F-4742-90C8-5E68DDFD1971}.Debug|Win32.ActiveCfg = Debug|Win32
		{C0308862-D92F-4742-90C8-5E68DDFD1971}.Debug|Win32.Build.0 = Debug|Win32
		{C0308862-D92F-4742-90C8-5E68DDFD1971}.Release|Win32.ActiveCfg = Release|Win32
		{C0308862-D92F-4742-90C8-5E68DDFD1971}.Release|Win32.Build.0 = Release|Win32
		{0F801FC3-9957-479F-9767-B5EA135E6EA5}.Debug|Win32.ActiveCfg = Debug|Win32
		{0F801FC3-9957-479F-9767-B5EA135E6EA5}.Debug|Win32.Build.0 = Debug|Win32
		{0F801FC3-9957-479F-9767-B5EA135E6EA5}.Release|Win32.ActiveCfg = Release|Win32
		{0F801FC3-9957-479F-9767-B5EA135E6EA5}.Release|Win32.Build.0 = Release|Win32
	EndGlobalSection
	GlobalSection(SolutionProperties) = preSolution
		HideSolutionNode = FALSE
	EndGlobalSection
	GlobalSection(SubversionScc) = preSolution
		Svn-Managed = True
		Manager = AnkhSVN - Subversion Support for Visual Studio
	EndGlobalSection
EndGlobal
